{
  "version": 4,
  "terraform_version": "1.7.2",
  "serial": 4,
  "lineage": "d334f7a1-9ecc-9304-913a-c793e55bfae3",
  "outputs": {
    "Snapshot_ID_Out": {
      "value": "snap-05443946df91a3b0f",
      "type": "string"
    },
    "instance_ip": {
      "value": "3.67.222.161",
      "type": "string"
    }
  },
  "resources": [
    {
      "mode": "managed",
      "type": "aws_instance",
      "name": "Alma8_community",
      "provider": "provider[\"registry.opentofu.org/hashicorp/aws\"]",
      "instances": [
        {
          "schema_version": 1,
          "attributes": {
            "ami": "ami-0eef48bf23b6479b3",
            "arn": "arn:aws:ec2:eu-central-1:178783980143:instance/i-02079db9f8a91ee49",
            "associate_public_ip_address": true,
            "availability_zone": "eu-central-1c",
            "capacity_reservation_specification": [
              {
                "capacity_reservation_preference": "open",
                "capacity_reservation_target": []
              }
            ],
            "cpu_core_count": 1,
            "cpu_options": [
              {
                "amd_sev_snp": "",
                "core_count": 1,
                "threads_per_core": 2
              }
            ],
            "cpu_threads_per_core": 2,
            "credit_specification": [
              {
                "cpu_credits": "unlimited"
              }
            ],
            "disable_api_stop": false,
            "disable_api_termination": false,
            "ebs_block_device": [],
            "ebs_optimized": false,
            "enclave_options": [
              {
                "enabled": false
              }
            ],
            "ephemeral_block_device": [],
            "get_password_data": false,
            "hibernation": false,
            "host_id": "",
            "host_resource_group_arn": null,
            "iam_instance_profile": "",
            "id": "i-02079db9f8a91ee49",
            "instance_initiated_shutdown_behavior": "stop",
            "instance_state": "running",
            "instance_type": "t3.small",
            "ipv6_address_count": 0,
            "ipv6_addresses": [],
            "key_name": "our_public_ssh_key",
            "launch_template": [],
            "maintenance_options": [
              {
                "auto_recovery": "default"
              }
            ],
            "metadata_options": [
              {
                "http_endpoint": "enabled",
                "http_put_response_hop_limit": 2,
                "http_tokens": "required",
                "instance_metadata_tags": "disabled"
              }
            ],
            "monitoring": false,
            "network_interface": [],
            "outpost_arn": "",
            "password_data": "",
            "placement_group": "",
            "placement_partition_number": 0,
            "primary_network_interface_id": "eni-06e18b9e776c31dc1",
            "private_dns": "ip-172-31-10-0.eu-central-1.compute.internal",
            "private_dns_name_options": [
              {
                "enable_resource_name_dns_a_record": false,
                "enable_resource_name_dns_aaaa_record": false,
                "hostname_type": "ip-name"
              }
            ],
            "private_ip": "172.31.10.0",
            "public_dns": "ec2-3-67-222-161.eu-central-1.compute.amazonaws.com",
            "public_ip": "3.67.222.161",
            "root_block_device": [
              {
                "delete_on_termination": true,
                "device_name": "/dev/sda1",
                "encrypted": false,
                "iops": 3000,
                "kms_key_id": "",
                "tags": null,
                "throughput": 125,
                "volume_id": "vol-0f4ff55f8120f5254",
                "volume_size": 8,
                "volume_type": "gp3"
              }
            ],
            "secondary_private_ips": [],
            "security_groups": [
              "terraform-20241018120523880300000002"
            ],
            "source_dest_check": true,
            "subnet_id": "subnet-016701a2b2cee0032",
            "tags": null,
            "tags_all": {},
            "tenancy": "default",
            "timeouts": null,
            "user_data": null,
            "user_data_base64": null,
            "user_data_replace_on_change": false,
            "volume_tags": null,
            "vpc_security_group_ids": [
              "sg-0828785844789f7fc"
            ]
          },
          "sensitive_attributes": [],
          "private": "eyJlMmJmYjczMC1lY2FhLTExZTYtOGY4OC0zNDM2M2JjN2M0YzAiOnsiY3JlYXRlIjo2MDAwMDAwMDAwMDAsImRlbGV0ZSI6MTIwMDAwMDAwMDAwMCwidXBkYXRlIjo2MDAwMDAwMDAwMDB9LCJzY2hlbWFfdmVyc2lvbiI6IjEifQ==",
          "dependencies": [
            "aws_security_group.our_security_group"
          ]
        }
      ]
    },
    {
      "mode": "managed",
      "type": "aws_key_pair",
      "name": "our_public_ssh_key",
      "provider": "provider[\"registry.opentofu.org/hashicorp/aws\"]",
      "instances": [
        {
          "schema_version": 1,
          "attributes": {
            "arn": "arn:aws:ec2:eu-central-1:178783980143:key-pair/aws_ssh_key",
            "fingerprint": "0c:f2:b8:46:1f:4f:c9:f0:ea:d9:3d:03:04:5c:3e:d5",
            "id": "aws_ssh_key",
            "key_name": "aws_ssh_key",
            "key_name_prefix": "",
            "key_pair_id": "key-0227f886c60f39693",
            "key_type": "rsa",
            "public_key": "ssh-rsa AAAAB3NzaC1yc2EAAAADAQABAAACAQC93vzI067Idm12vh03OgE0CC/vWFmy4WCLU56s1Ldyd2H4B7NtQVA8CWwYbcvhyTUmwYYZcZ7XDwLYA2/z5aTSrUgKqC8JJ27ZoOEw3ZUqs7j0W8ofzOIz6hvSx+Gz3DcYdHwcLRyls58y7IJi1WyWfz7Q/rqkRf//NuHcdjctT4YIIpMDTBqnR8GMShKCHoGmlP9Ss8EjJKukHqWKmIqm/bhks2PgNY0D3ywMmlb7mxIaronlhur816KzE01pWRzG23YPTXXtaLTi522wqIGwKrOgE97C1GqU40t5iFXLJtkn42zGGmcGCS6xFpgvBHT3ksVDLlnTE64DoerJoojTy1cqsU8+KaRjOaNhRJm7yVsLjye3SjBkYZNDSjE8ilC4eK13d7vA5069TjD+ByWGZnZE92nyYXky5Gs4HCKDRnUgHJEwTPA0VsmWZ0DUQxcSj9LDh52iFCYh6YqNLbANoO7mOb5kGmiKbVeKWFTnjbjYnIq5LsY7ZoU5FmKePcW5hFpa6mIP4jObw8S6pD3+8dPP2+gjU7Hi1SY4DbtST4P3RY97GY+odml2XI/yvmGYkxURkDSxag6SvDAAs8ZRwe6FIbcJNkns/lkueNz1rlD07bGsowuRVNY5eLLmnEfGOR4zqDtTaSqQaIcIYKhSOkfCvvTDDvWbki7yLrPEZw== reseke@reseke-NH5x-7xDCx-DDx",
            "tags": null,
            "tags_all": {}
          },
          "sensitive_attributes": [
            [
              {
                "type": "get_attr",
                "value": "public_key"
              }
            ]
          ],
          "private": "eyJzY2hlbWFfdmVyc2lvbiI6IjEifQ=="
        }
      ]
    },
    {
      "mode": "managed",
      "type": "aws_security_group",
      "name": "our_security_group",
      "provider": "provider[\"registry.opentofu.org/hashicorp/aws\"]",
      "instances": [
        {
          "schema_version": 1,
          "attributes": {
            "arn": "arn:aws:ec2:eu-central-1:178783980143:security-group/sg-0828785844789f7fc",
            "description": "Managed by Terraform",
            "egress": [
              {
                "cidr_blocks": [
                  "0.0.0.0/0"
                ],
                "description": "",
                "from_port": 0,
                "ipv6_cidr_blocks": [
                  "::/0"
                ],
                "prefix_list_ids": [],
                "protocol": "-1",
                "security_groups": [],
                "self": false,
                "to_port": 0
              }
            ],
            "id": "sg-0828785844789f7fc",
            "ingress": [
              {
                "cidr_blocks": [
                  "0.0.0.0/0"
                ],
                "description": "",
                "from_port": 22,
                "ipv6_cidr_blocks": [],
                "prefix_list_ids": [],
                "protocol": "tcp",
                "security_groups": [],
                "self": false,
                "to_port": 22
              }
            ],
            "name": "terraform-20241018120523880300000002",
            "name_prefix": "terraform-",
            "owner_id": "178783980143",
            "revoke_rules_on_delete": false,
            "tags": null,
            "tags_all": {},
            "timeouts": null,
            "vpc_id": "vpc-0250dcd1666a5c725"
          },
          "sensitive_attributes": [],
          "private": "eyJlMmJmYjczMC1lY2FhLTExZTYtOGY4OC0zNDM2M2JjN2M0YzAiOnsiY3JlYXRlIjo2MDAwMDAwMDAwMDAsImRlbGV0ZSI6OTAwMDAwMDAwMDAwfSwic2NoZW1hX3ZlcnNpb24iOiIxIn0="
        }
      ]
    }
  ],
  "check_results": null
}
