{
  "version": 4,
  "terraform_version": "1.7.2",
  "serial": 5,
  "lineage": "d334f7a1-9ecc-9304-913a-c793e55bfae3",
  "outputs": {
    "Snapshot_ID_Out": {
      "value": "ami-08bacc8479e361271",
      "type": "string"
    },
    "instance_ip": {
      "value": "3.67.222.161",
      "type": "string"
    }
  },
  "resources": [
    {
      "mode": "managed",
      "type": "aws_key_pair",
      "name": "our_public_ssh_key",
      "provider": "provider[\"registry.opentofu.org/hashicorp/aws\"]",
      "instances": [
        {
          "schema_version": 1,
          "attributes": {
            "arn": "arn:aws:ec2:eu-central-1:178783980143:key-pair/aws_ssh_key",
            "fingerprint": "0c:f2:b8:46:1f:4f:c9:f0:ea:d9:3d:03:04:5c:3e:d5",
            "id": "aws_ssh_key",
            "key_name": "aws_ssh_key",
            "key_name_prefix": "",
            "key_pair_id": "key-0227f886c60f39693",
            "key_type": "rsa",
            "public_key": "ssh-rsa AAAAB3NzaC1yc2EAAAADAQABAAACAQC93vzI067Idm12vh03OgE0CC/vWFmy4WCLU56s1Ldyd2H4B7NtQVA8CWwYbcvhyTUmwYYZcZ7XDwLYA2/z5aTSrUgKqC8JJ27ZoOEw3ZUqs7j0W8ofzOIz6hvSx+Gz3DcYdHwcLRyls58y7IJi1WyWfz7Q/rqkRf//NuHcdjctT4YIIpMDTBqnR8GMShKCHoGmlP9Ss8EjJKukHqWKmIqm/bhks2PgNY0D3ywMmlb7mxIaronlhur816KzE01pWRzG23YPTXXtaLTi522wqIGwKrOgE97C1GqU40t5iFXLJtkn42zGGmcGCS6xFpgvBHT3ksVDLlnTE64DoerJoojTy1cqsU8+KaRjOaNhRJm7yVsLjye3SjBkYZNDSjE8ilC4eK13d7vA5069TjD+ByWGZnZE92nyYXky5Gs4HCKDRnUgHJEwTPA0VsmWZ0DUQxcSj9LDh52iFCYh6YqNLbANoO7mOb5kGmiKbVeKWFTnjbjYnIq5LsY7ZoU5FmKePcW5hFpa6mIP4jObw8S6pD3+8dPP2+gjU7Hi1SY4DbtST4P3RY97GY+odml2XI/yvmGYkxURkDSxag6SvDAAs8ZRwe6FIbcJNkns/lkueNz1rlD07bGsowuRVNY5eLLmnEfGOR4zqDtTaSqQaIcIYKhSOkfCvvTDDvWbki7yLrPEZw== reseke@reseke-NH5x-7xDCx-DDx",
            "tags": {},
            "tags_all": {}
          },
          "sensitive_attributes": [
            [
              {
                "type": "get_attr",
                "value": "public_key"
              }
            ]
          ],
          "private": "eyJzY2hlbWFfdmVyc2lvbiI6IjEifQ=="
        }
      ]
    },
    {
      "mode": "managed",
      "type": "aws_security_group",
      "name": "our_security_group",
      "provider": "provider[\"registry.opentofu.org/hashicorp/aws\"]",
      "instances": [
        {
          "schema_version": 1,
          "attributes": {
            "arn": "arn:aws:ec2:eu-central-1:178783980143:security-group/sg-0a3e8d0783a805e88",
            "description": "Managed by Terraform",
            "egress": [
              {
                "cidr_blocks": [
                  "0.0.0.0/0"
                ],
                "description": "",
                "from_port": 0,
                "ipv6_cidr_blocks": [
                  "::/0"
                ],
                "prefix_list_ids": [],
                "protocol": "-1",
                "security_groups": [],
                "self": false,
                "to_port": 0
              }
            ],
            "id": "sg-0a3e8d0783a805e88",
            "ingress": [
              {
                "cidr_blocks": [
                  "0.0.0.0/0"
                ],
                "description": "",
                "from_port": 22,
                "ipv6_cidr_blocks": [],
                "prefix_list_ids": [],
                "protocol": "tcp",
                "security_groups": [],
                "self": false,
                "to_port": 22
              }
            ],
            "name": "terraform-20241025171445543900000001",
            "name_prefix": "terraform-",
            "owner_id": "178783980143",
            "revoke_rules_on_delete": false,
            "tags": null,
            "tags_all": {},
            "timeouts": null,
            "vpc_id": "vpc-0250dcd1666a5c725"
          },
          "sensitive_attributes": [],
          "private": "eyJlMmJmYjczMC1lY2FhLTExZTYtOGY4OC0zNDM2M2JjN2M0YzAiOnsiY3JlYXRlIjo2MDAwMDAwMDAwMDAsImRlbGV0ZSI6OTAwMDAwMDAwMDAwfSwic2NoZW1hX3ZlcnNpb24iOiIxIn0="
        }
      ]
    }
  ],
  "check_results": null
}
